
Microsoft Visual Studio Solution File, Format Version 12.00
Project("{2150E333-8FDC-42A3-9474-1A3956D46DE8}") = "src", "src", "{8E1B5352-D62E-4BE8-B461-B2A40E36FCA3}"
EndProject
Project("{FAE04EC0-301F-11D3-BF4B-00C04F79EFBC}") = "Application", "Application\Application.csproj", "{91573ECD-2288-47F3-A0DB-83A796688407}"
EndProject
Project("{FAE04EC0-301F-11D3-BF4B-00C04F79EFBC}") = "Domain", "Domain\Domain.csproj", "{DD2EF049-3603-4A7D-AD2D-F72F45053AB3}"
EndProject
Project("{FAE04EC0-301F-11D3-BF4B-00C04F79EFBC}") = "Infrastructure", "Infrastructure\Infrastructure.csproj", "{4A1A2B02-CED8-42F7-8A01-3B77BC99FD92}"
EndProject
Project("{FAE04EC0-301F-11D3-BF4B-00C04F79EFBC}") = "Web.Api", "Web.Api\Web.Api.csproj", "{214EACAF-899B-47A5-B99A-D4EAE925ECC6}"
EndProject
Project("{2150E333-8FDC-42A3-9474-1A3956D46DE8}") = "Solution Items", "Solution Items", "{9D75E543-77E9-4F03-B39A-35B9FF40A32E}"
	ProjectSection(SolutionItems) = preProject
		compose.prod.yaml = compose.prod.yaml
		prometheus.yml = prometheus.yml
		k6-load-test.js = k6-load-test.js
		compose.dev.yaml = compose.dev.yaml
		compose.local.yaml = compose.local.yaml
		Dockerfile = Dockerfile
		k6.local.mixed.js = k6.local.mixed.js
		k6.local.read-heavy.js = k6.local.read-heavy.js
	EndProjectSection
EndProject
Project("{FAE04EC0-301F-11D3-BF4B-00C04F79EFBC}") = "SharedKernel", "SharedKernel\SharedKernel.csproj", "{2B3925C0-EAB3-40B6-B3C3-3EA42B512FF9}"
EndProject
Project("{2150E333-8FDC-42A3-9474-1A3956D46DE8}") = "tests", "tests", "{5C7DE2B9-C375-4E51-913A-577DA9ED0F23}"
EndProject
Project("{FAE04EC0-301F-11D3-BF4B-00C04F79EFBC}") = "Application.Tests", "Application.Tests\Application.Tests.csproj", "{1B2E19A8-0196-43AD-9C4F-846FCBF663E9}"
EndProject
Project("{FAE04EC0-301F-11D3-BF4B-00C04F79EFBC}") = "Infrastructure.Tests", "Infrastructure.Tests\Infrastructure.Tests.csproj", "{606D566C-1386-4C09-94D5-5902A773B8EA}"
EndProject
Project("{FAE04EC0-301F-11D3-BF4B-00C04F79EFBC}") = "Web.Api.Tests", "Web.Api.Tests\Web.Api.Tests.csproj", "{1978E6A7-1049-4A1F-A190-AF1FB229A8A8}"
EndProject
Project("{FAE04EC0-301F-11D3-BF4B-00C04F79EFBC}") = "Domain.Tests", "Domain.Tests\Domain.Tests.csproj", "{04F50C7D-3E46-4574-9460-29461F2D852F}"
EndProject
Project("{2150E333-8FDC-42A3-9474-1A3956D46DE8}") = "docs", "docs", "{955A5248-7E63-4D71-8FDD-F1C3DD3E4847}"
	ProjectSection(SolutionItems) = preProject
		ARCHITECTURE.md = ARCHITECTURE.md
		PAGINATION.md = PAGINATION.md
		ETAG.md = ETAG.md
		INFRASTRUCTURE.md = INFRASTRUCTURE.md
		MONITORING.md = MONITORING.md
		QUICKSTART-MONITORING.md = QUICKSTART-MONITORING.md
		README.md = README.md
		TESTING.md = TESTING.md
	EndProjectSection
EndProject
Global
	GlobalSection(SolutionConfigurationPlatforms) = preSolution
		Debug|Any CPU = Debug|Any CPU
		Release|Any CPU = Release|Any CPU
	EndGlobalSection
	GlobalSection(ProjectConfigurationPlatforms) = postSolution
		{91573ECD-2288-47F3-A0DB-83A796688407}.Debug|Any CPU.ActiveCfg = Debug|Any CPU
		{91573ECD-2288-47F3-A0DB-83A796688407}.Debug|Any CPU.Build.0 = Debug|Any CPU
		{91573ECD-2288-47F3-A0DB-83A796688407}.Release|Any CPU.ActiveCfg = Release|Any CPU
		{91573ECD-2288-47F3-A0DB-83A796688407}.Release|Any CPU.Build.0 = Release|Any CPU
		{DD2EF049-3603-4A7D-AD2D-F72F45053AB3}.Debug|Any CPU.ActiveCfg = Debug|Any CPU
		{DD2EF049-3603-4A7D-AD2D-F72F45053AB3}.Debug|Any CPU.Build.0 = Debug|Any CPU
		{DD2EF049-3603-4A7D-AD2D-F72F45053AB3}.Release|Any CPU.ActiveCfg = Release|Any CPU
		{DD2EF049-3603-4A7D-AD2D-F72F45053AB3}.Release|Any CPU.Build.0 = Release|Any CPU
		{4A1A2B02-CED8-42F7-8A01-3B77BC99FD92}.Debug|Any CPU.ActiveCfg = Debug|Any CPU
		{4A1A2B02-CED8-42F7-8A01-3B77BC99FD92}.Debug|Any CPU.Build.0 = Debug|Any CPU
		{4A1A2B02-CED8-42F7-8A01-3B77BC99FD92}.Release|Any CPU.ActiveCfg = Release|Any CPU
		{4A1A2B02-CED8-42F7-8A01-3B77BC99FD92}.Release|Any CPU.Build.0 = Release|Any CPU
		{214EACAF-899B-47A5-B99A-D4EAE925ECC6}.Debug|Any CPU.ActiveCfg = Debug|Any CPU
		{214EACAF-899B-47A5-B99A-D4EAE925ECC6}.Debug|Any CPU.Build.0 = Debug|Any CPU
		{214EACAF-899B-47A5-B99A-D4EAE925ECC6}.Release|Any CPU.ActiveCfg = Release|Any CPU
		{214EACAF-899B-47A5-B99A-D4EAE925ECC6}.Release|Any CPU.Build.0 = Release|Any CPU
		{2B3925C0-EAB3-40B6-B3C3-3EA42B512FF9}.Debug|Any CPU.ActiveCfg = Debug|Any CPU
		{2B3925C0-EAB3-40B6-B3C3-3EA42B512FF9}.Debug|Any CPU.Build.0 = Debug|Any CPU
		{2B3925C0-EAB3-40B6-B3C3-3EA42B512FF9}.Release|Any CPU.ActiveCfg = Release|Any CPU
		{2B3925C0-EAB3-40B6-B3C3-3EA42B512FF9}.Release|Any CPU.Build.0 = Release|Any CPU
		{1B2E19A8-0196-43AD-9C4F-846FCBF663E9}.Debug|Any CPU.ActiveCfg = Debug|Any CPU
		{1B2E19A8-0196-43AD-9C4F-846FCBF663E9}.Debug|Any CPU.Build.0 = Debug|Any CPU
		{1B2E19A8-0196-43AD-9C4F-846FCBF663E9}.Release|Any CPU.ActiveCfg = Release|Any CPU
		{1B2E19A8-0196-43AD-9C4F-846FCBF663E9}.Release|Any CPU.Build.0 = Release|Any CPU
		{606D566C-1386-4C09-94D5-5902A773B8EA}.Debug|Any CPU.ActiveCfg = Debug|Any CPU
		{606D566C-1386-4C09-94D5-5902A773B8EA}.Debug|Any CPU.Build.0 = Debug|Any CPU
		{606D566C-1386-4C09-94D5-5902A773B8EA}.Release|Any CPU.ActiveCfg = Release|Any CPU
		{606D566C-1386-4C09-94D5-5902A773B8EA}.Release|Any CPU.Build.0 = Release|Any CPU
		{1978E6A7-1049-4A1F-A190-AF1FB229A8A8}.Debug|Any CPU.ActiveCfg = Debug|Any CPU
		{1978E6A7-1049-4A1F-A190-AF1FB229A8A8}.Debug|Any CPU.Build.0 = Debug|Any CPU
		{1978E6A7-1049-4A1F-A190-AF1FB229A8A8}.Release|Any CPU.ActiveCfg = Release|Any CPU
		{1978E6A7-1049-4A1F-A190-AF1FB229A8A8}.Release|Any CPU.Build.0 = Release|Any CPU
		{04F50C7D-3E46-4574-9460-29461F2D852F}.Debug|Any CPU.ActiveCfg = Debug|Any CPU
		{04F50C7D-3E46-4574-9460-29461F2D852F}.Debug|Any CPU.Build.0 = Debug|Any CPU
		{04F50C7D-3E46-4574-9460-29461F2D852F}.Release|Any CPU.ActiveCfg = Release|Any CPU
		{04F50C7D-3E46-4574-9460-29461F2D852F}.Release|Any CPU.Build.0 = Release|Any CPU
	EndGlobalSection
	GlobalSection(NestedProjects) = preSolution
		{91573ECD-2288-47F3-A0DB-83A796688407} = {8E1B5352-D62E-4BE8-B461-B2A40E36FCA3}
		{DD2EF049-3603-4A7D-AD2D-F72F45053AB3} = {8E1B5352-D62E-4BE8-B461-B2A40E36FCA3}
		{4A1A2B02-CED8-42F7-8A01-3B77BC99FD92} = {8E1B5352-D62E-4BE8-B461-B2A40E36FCA3}
		{214EACAF-899B-47A5-B99A-D4EAE925ECC6} = {8E1B5352-D62E-4BE8-B461-B2A40E36FCA3}
		{2B3925C0-EAB3-40B6-B3C3-3EA42B512FF9} = {8E1B5352-D62E-4BE8-B461-B2A40E36FCA3}
		{1B2E19A8-0196-43AD-9C4F-846FCBF663E9} = {5C7DE2B9-C375-4E51-913A-577DA9ED0F23}
		{606D566C-1386-4C09-94D5-5902A773B8EA} = {5C7DE2B9-C375-4E51-913A-577DA9ED0F23}
		{1978E6A7-1049-4A1F-A190-AF1FB229A8A8} = {5C7DE2B9-C375-4E51-913A-577DA9ED0F23}
		{04F50C7D-3E46-4574-9460-29461F2D852F} = {5C7DE2B9-C375-4E51-913A-577DA9ED0F23}
	EndGlobalSection
EndGlobal
